
Microsoft Visual Studio Solution File, Format Version 12.00
# Visual Studio Version 17
VisualStudioVersion = 17.10.35013.160
MinimumVisualStudioVersion = 10.0.40219.1
Project("{FAE04EC0-301F-11D3-BF4B-00C04F79EFBC}") = "NumberGuesser", "NumberGuesser.csproj", "{B828E7E2-92B4-46A2-AC58-63900C593DE6}"
EndProject
Global
	GlobalSection(SolutionConfigurationPlatforms) = preSolution
		Debug|Any CPU = Debug|Any CPU
		Release|Any CPU = Release|Any CPU
	EndGlobalSection
	GlobalSection(ProjectConfigurationPlatforms) = postSolution
		{B828E7E2-92B4-46A2-AC58-63900C593DE6}.Debug|Any CPU.ActiveCfg = Debug|Any CPU
		{B828E7E2-92B4-46A2-AC58-63900C593DE6}.Debug|Any CPU.Build.0 = Debug|Any CPU
		{B828E7E2-92B4-46A2-AC58-63900C593DE6}.Release|Any CPU.ActiveCfg = Release|Any CPU
		{B828E7E2-92B4-46A2-AC58-63900C593DE6}.Release|Any CPU.Build.0 = Release|Any CPU
	EndGlobalSection
	GlobalSection(SolutionProperties) = preSolution
		HideSolutionNode = FALSE
	EndGlobalSection
	GlobalSection(ExtensibilityGlobals) = postSolution
		SolutionGuid = {2C90C84B-3527-4192-B0CD-7DD97C72B6BF}
	EndGlobalSection
EndGlobal
